
Microsoft Visual Studio Solution File, Format Version 12.00
# Visual Studio Version 16
VisualStudioVersion = 16.0.29728.190
MinimumVisualStudioVersion = 10.0.40219.1
Project("{FAE04EC0-301F-11D3-BF4B-00C04F79EFBC}") = "6.2.1Binding", "6.2.1Binding\6.2.1Binding.csproj", "{7EA4018A-06A3-4CE1-9556-327A7EFF01A8}"
EndProject
Project("{FAE04EC0-301F-11D3-BF4B-00C04F79EFBC}") = "6.3.07ItemsSource", "6.3.7ItemsSource\6.3.07ItemsSource.csproj", "{BFAD22AD-3066-4CAF-8A34-E139F6D36343}"
EndProject
Project("{FAE04EC0-301F-11D3-BF4B-00C04F79EFBC}") = "6.3.10使用LINQ结果作为Binding的源", "6.3.10使用LINQ结果作为Binding的源\6.3.10使用LINQ结果作为Binding的源.csproj", "{8E3E6EDD-6F08-467B-8174-8004D73B21FB}"
EndProject
Project("{FAE04EC0-301F-11D3-BF4B-00C04F79EFBC}") = "6.3.11.1ObjectDataProvider", "6.3.11ObjectDataProvider\6.3.11.1ObjectDataProvider.csproj", "{E410781C-4904-4C35-A842-8CF4542E9E85}"
EndProject
Project("{FAE04EC0-301F-11D3-BF4B-00C04F79EFBC}") = "6.3.11.2ObjectDataProvider", "6.3.11.1ObjectDataProvider\6.3.11.2ObjectDataProvider.csproj", "{ECC2D373-8E20-42A1-9D5C-6074B1F41D70}"
EndProject
Project("{FAE04EC0-301F-11D3-BF4B-00C04F79EFBC}") = "6.3.12RelativeSource", "6.3.12RelativeSource\6.3.12RelativeSource.csproj", "{D038539A-51CB-4031-AC7F-447BEDF16607}"
EndProject
Project("{FAE04EC0-301F-11D3-BF4B-00C04F79EFBC}") = "6.4.1Binding的数据校验", "6.4.1Binding的数据校验\6.4.1Binding的数据校验.csproj", "{0D06DAF2-2DB8-4875-A43E-F45102E981BA}"
EndProject
Project("{FAE04EC0-301F-11D3-BF4B-00C04F79EFBC}") = "6.4.2Binding的数据转换", "6.4.2Binding的数据转换\6.4.2Binding的数据转换.csproj", "{F3234859-10C2-45DE-B14F-11167D0FCCB7}"
EndProject
Project("{FAE04EC0-301F-11D3-BF4B-00C04F79EFBC}") = "6.5.1多路绑定", "6.5.1多路绑定\6.5.1多路绑定.csproj", "{FD995899-AC31-4CF6-8527-8769DF372925}"
EndProject
Project("{FAE04EC0-301F-11D3-BF4B-00C04F79EFBC}") = "7.2.2.0声明和使用依赖属性", "7.2.2声明和使用依赖属性\7.2.2.0声明和使用依赖属性.csproj", "{8ED7F7D8-48DE-4814-BFA6-7E88EDC197D7}"
EndProject
Project("{FAE04EC0-301F-11D3-BF4B-00C04F79EFBC}") = "7.2.2.1依赖属性例子", "7.2.2.1依赖属性例子\7.2.2.1依赖属性例子.csproj", "{A6786A60-DED8-471B-BA0A-3214CBEF3342}"
EndProject
Project("{FAE04EC0-301F-11D3-BF4B-00C04F79EFBC}") = "5.3.1ContentControl", "5.3.1ContentControl\5.3.1ContentControl.csproj", "{0D075E25-0532-483E-8407-3ED877D64799}"
EndProject
Project("{FAE04EC0-301F-11D3-BF4B-00C04F79EFBC}") = "5.3.2HeaderedContentControl", "5.3.2HeaderedContentControl\5.3.2HeaderedContentControl.csproj", "{73ED2B9F-1D20-4406-8B90-B98AF84D6C87}"
EndProject
Project("{FAE04EC0-301F-11D3-BF4B-00C04F79EFBC}") = "5.3.3ItemControl", "5.3.3ItemControl\5.3.3ItemControl.csproj", "{DE563E90-D367-4717-A1AE-CA528F7F12F7}"
EndProject
Project("{FAE04EC0-301F-11D3-BF4B-00C04F79EFBC}") = "5.3.4HeaderedItemsControl", "5.3.4HeaderedItemsControl\5.3.4HeaderedItemsControl.csproj", "{D0C4EA46-F0D9-49A3-BA7F-2C2B3A064463}"
EndProject
Project("{FAE04EC0-301F-11D3-BF4B-00C04F79EFBC}") = "5.4.2.1布局控件之Grid", "5.4.2布局控件之Grid\5.4.2.1布局控件之Grid.csproj", "{6F6F2AAF-848C-4E43-A208-E44E8DC8AE2B}"
EndProject
Project("{FAE04EC0-301F-11D3-BF4B-00C04F79EFBC}") = "5.4.2.2Grid布局例子", "5.4.2.2Grid布局例子\5.4.2.2Grid布局例子.csproj", "{024A0E1C-A1D8-4A7A-9C30-ACE8B0013998}"
EndProject
Project("{FAE04EC0-301F-11D3-BF4B-00C04F79EFBC}") = "6.3.6没有Source的Binding", "6.3.6没有Source的Binding\6.3.6没有Source的Binding.csproj", "{9EB66448-3EA5-4EB1-9275-ADF74B01FCA2}"
EndProject
Project("{FAE04EC0-301F-11D3-BF4B-00C04F79EFBC}") = "7.3.1附加属性", "7.3.1附加属性\7.3.1附加属性.csproj", "{D638199B-363C-43D8-8B3C-66F9C886770A}"
EndProject
Project("{FAE04EC0-301F-11D3-BF4B-00C04F79EFBC}") = "8.3.1使用WPF内置路由事件", "8.3.1使用WPF内置路由事件\8.3.1使用WPF内置路由事件.csproj", "{9518ED95-D976-4A88-B17A-FCCBE729906E}"
EndProject
Project("{FAE04EC0-301F-11D3-BF4B-00C04F79EFBC}") = "8.3.2自定义路由事件", "8.3.2自定义路由事件\8.3.2自定义路由事件.csproj", "{7BC01956-0395-4E04-B391-66BE3A4E7EA3}"
EndProject
Project("{FAE04EC0-301F-11D3-BF4B-00C04F79EFBC}") = "9.1.3.1命令", "9.1.3.1命令\9.1.3.1命令.csproj", "{A8CA222C-E308-4309-A943-65BE60F23FFD}"
EndProject
Project("{FAE04EC0-301F-11D3-BF4B-00C04F79EFBC}") = "9.1.5.1命令参数", "9.1.5.1命令参数\9.1.5.1命令参数.csproj", "{9F34D93A-BE99-46DA-A7F4-7BFA60560CD7}"
EndProject
Project("{FAE04EC0-301F-11D3-BF4B-00C04F79EFBC}") = "9.2.2.1自定义Command", "9.2.2.1自定义Command\9.2.2.1自定义Command.csproj", "{47F88881-62CA-4757-B2BA-292972AECD6E}"
EndProject
Project("{FAE04EC0-301F-11D3-BF4B-00C04F79EFBC}") = "11.2.1数据外衣DataTemplate", "11.2.1数据外衣DataTemplate\11.2.1数据外衣DataTemplate.csproj", "{CC951171-C1EF-400B-B118-8D4034660AAF}"
EndProject
Project("{FAE04EC0-301F-11D3-BF4B-00C04F79EFBC}") = "11.2.2数据外衣DataTemplate2", "11.2.2数据外衣DataTemplate2\11.2.2数据外衣DataTemplate2.csproj", "{FA7D233E-52AF-45DC-9991-B20981F5C549}"
EndProject
Project("{FAE04EC0-301F-11D3-BF4B-00C04F79EFBC}") = "11.3.2ItemsControl的PanelTemplate", "11.3.2ItemsControl的PanelTemplate\11.3.2ItemsControl的PanelTemplate.csproj", "{3FEEFB86-205B-4E13-90E2-18C6AAB3895D}"
EndProject
Project("{FAE04EC0-301F-11D3-BF4B-00C04F79EFBC}") = "11.4.2.1模板例子1", "11.4.2.1模板例子1\11.4.2.1模板例子1.csproj", "{93E26897-CC24-4C06-BC00-E72F842A4FA9}"
EndProject
Project("{FAE04EC0-301F-11D3-BF4B-00C04F79EFBC}") = "11.4.2.1模板例子2", "11.4.2.1模板例子2\11.4.2.1模板例子2.csproj", "{B198AE91-4539-4EB9-9D67-1C1CD2CCBBE7}"
EndProject
Project("{FAE04EC0-301F-11D3-BF4B-00C04F79EFBC}") = "11.4.3模板例子3", "11.4.3模板例子3\11.4.3模板例子3.csproj", "{2C7050A4-B773-450D-8230-EEEDC5E71711}"
EndProject
Project("{FAE04EC0-301F-11D3-BF4B-00C04F79EFBC}") = "11.5.1Style中的Setter", "11.5.1Style中的Setter\11.5.1Style中的Setter.csproj", "{45F61FE8-F162-494E-AE7A-68EE46A569A2}"
EndProject
Project("{FAE04EC0-301F-11D3-BF4B-00C04F79EFBC}") = "11.5.2.1Style的Trigger", "11.5.2.1Style的Trigger\11.5.2.1Style的Trigger.csproj", "{EEAF3352-6E14-4A25-92AE-632EB42379DD}"
EndProject
Project("{FAE04EC0-301F-11D3-BF4B-00C04F79EFBC}") = "3.2.2使用TypeConverter关联Attribute与Property", "3.2.2使用TypeConverter关联Attribute与Property\3.2.2使用TypeConverter关联Attribute与Property.csproj", "{198F1C0A-DBE3-4473-BEA5-3C12CF8E5C68}"
EndProject
Project("{FAE04EC0-301F-11D3-BF4B-00C04F79EFBC}") = "3.2.1使用Attribute给对象赋值", "3.2.1使用Attribute给对象赋值\3.2.1使用Attribute给对象赋值.csproj", "{7515A92B-43C3-419E-809D-E15EB46D6D2C}"
EndProject
Project("{2150E333-8FDC-42A3-9474-1A3956D46DE8}") = "笔记", "笔记", "{488C1EDC-CC20-43C7-84AC-FD6F1E68EDCB}"
	ProjectSection(SolutionItems) = preProject
		学习日志.txt = 学习日志.txt
	EndProjectSection
EndProject
Project("{FAE04EC0-301F-11D3-BF4B-00C04F79EFBC}") = "4.2.5命名空间xkey", "4.2.5命名空间xkey\4.2.5命名空间xkey.csproj", "{058A2A8A-3A04-4FFE-A609-7040A212015A}"
EndProject
Project("{FAE04EC0-301F-11D3-BF4B-00C04F79EFBC}") = "4.3.4命名空间xArray", "4.3.4命名空间xArray\4.3.4命名空间xArray.csproj", "{5ED48CDE-CDBC-4E0E-94E5-0F4062FBD39D}"
EndProject
Project("{FAE04EC0-301F-11D3-BF4B-00C04F79EFBC}") = "4.3.5命名空间xStatic", "4.3.5命名空间xStatic\4.3.5命名空间xStatic.csproj", "{7F500345-9B4C-4057-A4A4-84268A5128BC}"
EndProject
Project("{FAE04EC0-301F-11D3-BF4B-00C04F79EFBC}") = "6.3.3Binding的路径", "6.3.3Binding的路径\6.3.3Binding的路径.csproj", "{E4AA7C5F-8D4A-4D62-BFBB-E797635B35AC}"
EndProject
Project("{FAE04EC0-301F-11D3-BF4B-00C04F79EFBC}") = "6.3.5数据源之DataContext", "6.3.5数据源之DataContext\6.3.5数据源之DataContext.csproj", "{08CF62FD-E953-4122-ACDC-FC410117ADFE}"
EndProject
Project("{FAE04EC0-301F-11D3-BF4B-00C04F79EFBC}") = "6.3.7数据源之List", "6.3.7数据源之List\6.3.7数据源之List.csproj", "{B79A6DC0-C387-414C-B29B-BB043827B92F}"
EndProject
Project("{FAE04EC0-301F-11D3-BF4B-00C04F79EFBC}") = "6.3.8数据源之ADO.NET", "6.3.8数据源之ADO.NET\6.3.8数据源之ADO.NET.csproj", "{AB4ADF22-2642-4D03-8C19-393752B6BBEF}"
EndProject
Project("{FAE04EC0-301F-11D3-BF4B-00C04F79EFBC}") = "6.3.9数据源之XML", "6.3.9数据源之XML\6.3.9数据源之XML.csproj", "{619795D4-10C3-488C-A84F-9E8A8BF113C5}"
EndProject
Project("{FAE04EC0-301F-11D3-BF4B-00C04F79EFBC}") = "6.3.9数据源之XML例2", "6.3.9数据源之XML例2\6.3.9数据源之XML例2.csproj", "{9D1F831A-DE23-4B88-A3F7-5FAF820AA1F6}"
EndProject
Project("{FAE04EC0-301F-11D3-BF4B-00C04F79EFBC}") = "7.3.1附加属性2", "7.3.1附加属性2\7.3.1附加属性2.csproj", "{C996AE3C-F025-4A62-AB47-777ABFBCFE6A}"
EndProject
Project("{FAE04EC0-301F-11D3-BF4B-00C04F79EFBC}") = "7.3.1附加属性3", "7.3.1附加属性3\7.3.1附加属性3.csproj", "{AE36AFC9-5C7F-4D4C-A990-3E48DA29DADF}"
EndProject
Project("{FAE04EC0-301F-11D3-BF4B-00C04F79EFBC}") = "8.3.3路由事件在两棵树上的传递", "8.3.3路由事件在两棵树上的传递\8.3.3路由事件在两棵树上的传递.csproj", "{F4AF746A-1733-4AA8-A3E9-02EBE561135E}"
EndProject
Project("{FAE04EC0-301F-11D3-BF4B-00C04F79EFBC}") = "8.3.4附加事件", "8.3.4附加事件\8.3.4附加事件.csproj", "{36655B46-9BB9-46DA-AD10-998D55275828}"
EndProject
Project("{FAE04EC0-301F-11D3-BF4B-00C04F79EFBC}") = "15.1.1MVVM实例1", "15.1.1MVVM实例1\15.1.1MVVM实例1.csproj", "{49A23787-ACD2-4153-94AB-22F4A84516E9}"
EndProject
Project("{FAE04EC0-301F-11D3-BF4B-00C04F79EFBC}") = "10.1资源定义与查找", "10.1资源定义与查找\10.1资源定义与查找.csproj", "{BD073F61-183B-453D-B0C2-DCCCA2BD7DCB}"
EndProject
Project("{FAE04EC0-301F-11D3-BF4B-00C04F79EFBC}") = "10.2动态资源", "10.2动态资源\10.2动态资源.csproj", "{FF9CF0B8-8206-44B5-AE38-DE37D92D1EA9}"
EndProject
Project("{FAE04EC0-301F-11D3-BF4B-00C04F79EFBC}") = "15.1.2MVVM实例2", "15.1.2MVVM实例2\15.1.2MVVM实例2.csproj", "{31F61D9F-C3F6-469D-B145-6C8DBF567188}"
EndProject
Project("{FAE04EC0-301F-11D3-BF4B-00C04F79EFBC}") = "11.4.4查找由ControlTemplate生成的控件", "11.4.4查找由ControlTemplate生成的控件\11.4.4查找由ControlTemplate生成的控件.csproj", "{7120FD2D-5280-4B71-886C-B75F1B4751A8}"
EndProject
Project("{FAE04EC0-301F-11D3-BF4B-00C04F79EFBC}") = "11.4.5查找由DataTemplate生成的控件1", "11.4.5查找由DataTemplate生成的控件1\11.4.5查找由DataTemplate生成的控件1.csproj", "{5086E1E7-543B-4CBF-90DF-9D6CE063BD2A}"
EndProject
Project("{FAE04EC0-301F-11D3-BF4B-00C04F79EFBC}") = "11.4.5查找由DataTemplate生成的控件2", "11.4.5查找由DataTemplate生成的控件2\11.4.5查找由DataTemplate生成的控件2.csproj", "{1EB09069-4844-4BC6-830E-492C3E3AA19D}"
EndProject
Project("{FAE04EC0-301F-11D3-BF4B-00C04F79EFBC}") = "11.5.3DataTrigger", "11.5.3DataTrigger\11.5.3DataTrigger.csproj", "{07BA08CF-B916-4168-B3E6-1062A6687146}"
EndProject
Project("{FAE04EC0-301F-11D3-BF4B-00C04F79EFBC}") = "11.5.4EvnetTrigger", "11.5.4EvnetTrigger\11.5.4EvnetTrigger.csproj", "{3E866A1B-30E8-4B1E-95BF-D819CEC19749}"
EndProject
Project("{FAE04EC0-301F-11D3-BF4B-00C04F79EFBC}") = "12.1.1Line", "12.1.1Line\12.1.1Line.csproj", "{0DC4AECE-E8C1-49E3-934E-9CEE6BB4F2FD}"
EndProject
Global
	GlobalSection(SolutionConfigurationPlatforms) = preSolution
		Debug|Any CPU = Debug|Any CPU
		Release|Any CPU = Release|Any CPU
	EndGlobalSection
	GlobalSection(ProjectConfigurationPlatforms) = postSolution
		{7EA4018A-06A3-4CE1-9556-327A7EFF01A8}.Debug|Any CPU.ActiveCfg = Debug|Any CPU
		{7EA4018A-06A3-4CE1-9556-327A7EFF01A8}.Debug|Any CPU.Build.0 = Debug|Any CPU
		{7EA4018A-06A3-4CE1-9556-327A7EFF01A8}.Release|Any CPU.ActiveCfg = Release|Any CPU
		{7EA4018A-06A3-4CE1-9556-327A7EFF01A8}.Release|Any CPU.Build.0 = Release|Any CPU
		{BFAD22AD-3066-4CAF-8A34-E139F6D36343}.Debug|Any CPU.ActiveCfg = Debug|Any CPU
		{BFAD22AD-3066-4CAF-8A34-E139F6D36343}.Debug|Any CPU.Build.0 = Debug|Any CPU
		{BFAD22AD-3066-4CAF-8A34-E139F6D36343}.Release|Any CPU.ActiveCfg = Release|Any CPU
		{BFAD22AD-3066-4CAF-8A34-E139F6D36343}.Release|Any CPU.Build.0 = Release|Any CPU
		{8E3E6EDD-6F08-467B-8174-8004D73B21FB}.Debug|Any CPU.ActiveCfg = Debug|Any CPU
		{8E3E6EDD-6F08-467B-8174-8004D73B21FB}.Debug|Any CPU.Build.0 = Debug|Any CPU
		{8E3E6EDD-6F08-467B-8174-8004D73B21FB}.Release|Any CPU.ActiveCfg = Release|Any CPU
		{8E3E6EDD-6F08-467B-8174-8004D73B21FB}.Release|Any CPU.Build.0 = Release|Any CPU
		{E410781C-4904-4C35-A842-8CF4542E9E85}.Debug|Any CPU.ActiveCfg = Debug|Any CPU
		{E410781C-4904-4C35-A842-8CF4542E9E85}.Debug|Any CPU.Build.0 = Debug|Any CPU
		{E410781C-4904-4C35-A842-8CF4542E9E85}.Release|Any CPU.ActiveCfg = Release|Any CPU
		{E410781C-4904-4C35-A842-8CF4542E9E85}.Release|Any CPU.Build.0 = Release|Any CPU
		{ECC2D373-8E20-42A1-9D5C-6074B1F41D70}.Debug|Any CPU.ActiveCfg = Debug|Any CPU
		{ECC2D373-8E20-42A1-9D5C-6074B1F41D70}.Debug|Any CPU.Build.0 = Debug|Any CPU
		{ECC2D373-8E20-42A1-9D5C-6074B1F41D70}.Release|Any CPU.ActiveCfg = Release|Any CPU
		{ECC2D373-8E20-42A1-9D5C-6074B1F41D70}.Release|Any CPU.Build.0 = Release|Any CPU
		{D038539A-51CB-4031-AC7F-447BEDF16607}.Debug|Any CPU.ActiveCfg = Debug|Any CPU
		{D038539A-51CB-4031-AC7F-447BEDF16607}.Debug|Any CPU.Build.0 = Debug|Any CPU
		{D038539A-51CB-4031-AC7F-447BEDF16607}.Release|Any CPU.ActiveCfg = Release|Any CPU
		{D038539A-51CB-4031-AC7F-447BEDF16607}.Release|Any CPU.Build.0 = Release|Any CPU
		{0D06DAF2-2DB8-4875-A43E-F45102E981BA}.Debug|Any CPU.ActiveCfg = Debug|Any CPU
		{0D06DAF2-2DB8-4875-A43E-F45102E981BA}.Debug|Any CPU.Build.0 = Debug|Any CPU
		{0D06DAF2-2DB8-4875-A43E-F45102E981BA}.Release|Any CPU.ActiveCfg = Release|Any CPU
		{0D06DAF2-2DB8-4875-A43E-F45102E981BA}.Release|Any CPU.Build.0 = Release|Any CPU
		{F3234859-10C2-45DE-B14F-11167D0FCCB7}.Debug|Any CPU.ActiveCfg = Debug|Any CPU
		{F3234859-10C2-45DE-B14F-11167D0FCCB7}.Debug|Any CPU.Build.0 = Debug|Any CPU
		{F3234859-10C2-45DE-B14F-11167D0FCCB7}.Release|Any CPU.ActiveCfg = Release|Any CPU
		{F3234859-10C2-45DE-B14F-11167D0FCCB7}.Release|Any CPU.Build.0 = Release|Any CPU
		{FD995899-AC31-4CF6-8527-8769DF372925}.Debug|Any CPU.ActiveCfg = Debug|Any CPU
		{FD995899-AC31-4CF6-8527-8769DF372925}.Debug|Any CPU.Build.0 = Debug|Any CPU
		{FD995899-AC31-4CF6-8527-8769DF372925}.Release|Any CPU.ActiveCfg = Release|Any CPU
		{FD995899-AC31-4CF6-8527-8769DF372925}.Release|Any CPU.Build.0 = Release|Any CPU
		{8ED7F7D8-48DE-4814-BFA6-7E88EDC197D7}.Debug|Any CPU.ActiveCfg = Debug|Any CPU
		{8ED7F7D8-48DE-4814-BFA6-7E88EDC197D7}.Debug|Any CPU.Build.0 = Debug|Any CPU
		{8ED7F7D8-48DE-4814-BFA6-7E88EDC197D7}.Release|Any CPU.ActiveCfg = Release|Any CPU
		{8ED7F7D8-48DE-4814-BFA6-7E88EDC197D7}.Release|Any CPU.Build.0 = Release|Any CPU
		{A6786A60-DED8-471B-BA0A-3214CBEF3342}.Debug|Any CPU.ActiveCfg = Debug|Any CPU
		{A6786A60-DED8-471B-BA0A-3214CBEF3342}.Debug|Any CPU.Build.0 = Debug|Any CPU
		{A6786A60-DED8-471B-BA0A-3214CBEF3342}.Release|Any CPU.ActiveCfg = Release|Any CPU
		{A6786A60-DED8-471B-BA0A-3214CBEF3342}.Release|Any CPU.Build.0 = Release|Any CPU
		{0D075E25-0532-483E-8407-3ED877D64799}.Debug|Any CPU.ActiveCfg = Debug|Any CPU
		{0D075E25-0532-483E-8407-3ED877D64799}.Debug|Any CPU.Build.0 = Debug|Any CPU
		{0D075E25-0532-483E-8407-3ED877D64799}.Release|Any CPU.ActiveCfg = Release|Any CPU
		{0D075E25-0532-483E-8407-3ED877D64799}.Release|Any CPU.Build.0 = Release|Any CPU
		{73ED2B9F-1D20-4406-8B90-B98AF84D6C87}.Debug|Any CPU.ActiveCfg = Debug|Any CPU
		{73ED2B9F-1D20-4406-8B90-B98AF84D6C87}.Debug|Any CPU.Build.0 = Debug|Any CPU
		{73ED2B9F-1D20-4406-8B90-B98AF84D6C87}.Release|Any CPU.ActiveCfg = Release|Any CPU
		{73ED2B9F-1D20-4406-8B90-B98AF84D6C87}.Release|Any CPU.Build.0 = Release|Any CPU
		{DE563E90-D367-4717-A1AE-CA528F7F12F7}.Debug|Any CPU.ActiveCfg = Debug|Any CPU
		{DE563E90-D367-4717-A1AE-CA528F7F12F7}.Debug|Any CPU.Build.0 = Debug|Any CPU
		{DE563E90-D367-4717-A1AE-CA528F7F12F7}.Release|Any CPU.ActiveCfg = Release|Any CPU
		{DE563E90-D367-4717-A1AE-CA528F7F12F7}.Release|Any CPU.Build.0 = Release|Any CPU
		{D0C4EA46-F0D9-49A3-BA7F-2C2B3A064463}.Debug|Any CPU.ActiveCfg = Debug|Any CPU
		{D0C4EA46-F0D9-49A3-BA7F-2C2B3A064463}.Debug|Any CPU.Build.0 = Debug|Any CPU
		{D0C4EA46-F0D9-49A3-BA7F-2C2B3A064463}.Release|Any CPU.ActiveCfg = Release|Any CPU
		{D0C4EA46-F0D9-49A3-BA7F-2C2B3A064463}.Release|Any CPU.Build.0 = Release|Any CPU
		{6F6F2AAF-848C-4E43-A208-E44E8DC8AE2B}.Debug|Any CPU.ActiveCfg = Debug|Any CPU
		{6F6F2AAF-848C-4E43-A208-E44E8DC8AE2B}.Debug|Any CPU.Build.0 = Debug|Any CPU
		{6F6F2AAF-848C-4E43-A208-E44E8DC8AE2B}.Release|Any CPU.ActiveCfg = Release|Any CPU
		{6F6F2AAF-848C-4E43-A208-E44E8DC8AE2B}.Release|Any CPU.Build.0 = Release|Any CPU
		{024A0E1C-A1D8-4A7A-9C30-ACE8B0013998}.Debug|Any CPU.ActiveCfg = Debug|Any CPU
		{024A0E1C-A1D8-4A7A-9C30-ACE8B0013998}.Debug|Any CPU.Build.0 = Debug|Any CPU
		{024A0E1C-A1D8-4A7A-9C30-ACE8B0013998}.Release|Any CPU.ActiveCfg = Release|Any CPU
		{024A0E1C-A1D8-4A7A-9C30-ACE8B0013998}.Release|Any CPU.Build.0 = Release|Any CPU
		{9EB66448-3EA5-4EB1-9275-ADF74B01FCA2}.Debug|Any CPU.ActiveCfg = Debug|Any CPU
		{9EB66448-3EA5-4EB1-9275-ADF74B01FCA2}.Debug|Any CPU.Build.0 = Debug|Any CPU
		{9EB66448-3EA5-4EB1-9275-ADF74B01FCA2}.Release|Any CPU.ActiveCfg = Release|Any CPU
		{9EB66448-3EA5-4EB1-9275-ADF74B01FCA2}.Release|Any CPU.Build.0 = Release|Any CPU
		{D638199B-363C-43D8-8B3C-66F9C886770A}.Debug|Any CPU.ActiveCfg = Debug|Any CPU
		{D638199B-363C-43D8-8B3C-66F9C886770A}.Debug|Any CPU.Build.0 = Debug|Any CPU
		{D638199B-363C-43D8-8B3C-66F9C886770A}.Release|Any CPU.ActiveCfg = Release|Any CPU
		{D638199B-363C-43D8-8B3C-66F9C886770A}.Release|Any CPU.Build.0 = Release|Any CPU
		{9518ED95-D976-4A88-B17A-FCCBE729906E}.Debug|Any CPU.ActiveCfg = Debug|Any CPU
		{9518ED95-D976-4A88-B17A-FCCBE729906E}.Debug|Any CPU.Build.0 = Debug|Any CPU
		{9518ED95-D976-4A88-B17A-FCCBE729906E}.Release|Any CPU.ActiveCfg = Release|Any CPU
		{9518ED95-D976-4A88-B17A-FCCBE729906E}.Release|Any CPU.Build.0 = Release|Any CPU
		{7BC01956-0395-4E04-B391-66BE3A4E7EA3}.Debug|Any CPU.ActiveCfg = Debug|Any CPU
		{7BC01956-0395-4E04-B391-66BE3A4E7EA3}.Debug|Any CPU.Build.0 = Debug|Any CPU
		{7BC01956-0395-4E04-B391-66BE3A4E7EA3}.Release|Any CPU.ActiveCfg = Release|Any CPU
		{7BC01956-0395-4E04-B391-66BE3A4E7EA3}.Release|Any CPU.Build.0 = Release|Any CPU
		{A8CA222C-E308-4309-A943-65BE60F23FFD}.Debug|Any CPU.ActiveCfg = Debug|Any CPU
		{A8CA222C-E308-4309-A943-65BE60F23FFD}.Debug|Any CPU.Build.0 = Debug|Any CPU
		{A8CA222C-E308-4309-A943-65BE60F23FFD}.Release|Any CPU.ActiveCfg = Release|Any CPU
		{A8CA222C-E308-4309-A943-65BE60F23FFD}.Release|Any CPU.Build.0 = Release|Any CPU
		{9F34D93A-BE99-46DA-A7F4-7BFA60560CD7}.Debug|Any CPU.ActiveCfg = Debug|Any CPU
		{9F34D93A-BE99-46DA-A7F4-7BFA60560CD7}.Debug|Any CPU.Build.0 = Debug|Any CPU
		{9F34D93A-BE99-46DA-A7F4-7BFA60560CD7}.Release|Any CPU.ActiveCfg = Release|Any CPU
		{9F34D93A-BE99-46DA-A7F4-7BFA60560CD7}.Release|Any CPU.Build.0 = Release|Any CPU
		{47F88881-62CA-4757-B2BA-292972AECD6E}.Debug|Any CPU.ActiveCfg = Debug|Any CPU
		{47F88881-62CA-4757-B2BA-292972AECD6E}.Debug|Any CPU.Build.0 = Debug|Any CPU
		{47F88881-62CA-4757-B2BA-292972AECD6E}.Release|Any CPU.ActiveCfg = Release|Any CPU
		{47F88881-62CA-4757-B2BA-292972AECD6E}.Release|Any CPU.Build.0 = Release|Any CPU
		{CC951171-C1EF-400B-B118-8D4034660AAF}.Debug|Any CPU.ActiveCfg = Debug|Any CPU
		{CC951171-C1EF-400B-B118-8D4034660AAF}.Debug|Any CPU.Build.0 = Debug|Any CPU
		{CC951171-C1EF-400B-B118-8D4034660AAF}.Release|Any CPU.ActiveCfg = Release|Any CPU
		{CC951171-C1EF-400B-B118-8D4034660AAF}.Release|Any CPU.Build.0 = Release|Any CPU
		{FA7D233E-52AF-45DC-9991-B20981F5C549}.Debug|Any CPU.ActiveCfg = Debug|Any CPU
		{FA7D233E-52AF-45DC-9991-B20981F5C549}.Debug|Any CPU.Build.0 = Debug|Any CPU
		{FA7D233E-52AF-45DC-9991-B20981F5C549}.Release|Any CPU.ActiveCfg = Release|Any CPU
		{FA7D233E-52AF-45DC-9991-B20981F5C549}.Release|Any CPU.Build.0 = Release|Any CPU
		{3FEEFB86-205B-4E13-90E2-18C6AAB3895D}.Debug|Any CPU.ActiveCfg = Debug|Any CPU
		{3FEEFB86-205B-4E13-90E2-18C6AAB3895D}.Debug|Any CPU.Build.0 = Debug|Any CPU
		{3FEEFB86-205B-4E13-90E2-18C6AAB3895D}.Release|Any CPU.ActiveCfg = Release|Any CPU
		{3FEEFB86-205B-4E13-90E2-18C6AAB3895D}.Release|Any CPU.Build.0 = Release|Any CPU
		{93E26897-CC24-4C06-BC00-E72F842A4FA9}.Debug|Any CPU.ActiveCfg = Debug|Any CPU
		{93E26897-CC24-4C06-BC00-E72F842A4FA9}.Debug|Any CPU.Build.0 = Debug|Any CPU
		{93E26897-CC24-4C06-BC00-E72F842A4FA9}.Release|Any CPU.ActiveCfg = Release|Any CPU
		{93E26897-CC24-4C06-BC00-E72F842A4FA9}.Release|Any CPU.Build.0 = Release|Any CPU
		{B198AE91-4539-4EB9-9D67-1C1CD2CCBBE7}.Debug|Any CPU.ActiveCfg = Debug|Any CPU
		{B198AE91-4539-4EB9-9D67-1C1CD2CCBBE7}.Debug|Any CPU.Build.0 = Debug|Any CPU
		{B198AE91-4539-4EB9-9D67-1C1CD2CCBBE7}.Release|Any CPU.ActiveCfg = Release|Any CPU
		{B198AE91-4539-4EB9-9D67-1C1CD2CCBBE7}.Release|Any CPU.Build.0 = Release|Any CPU
		{2C7050A4-B773-450D-8230-EEEDC5E71711}.Debug|Any CPU.ActiveCfg = Debug|Any CPU
		{2C7050A4-B773-450D-8230-EEEDC5E71711}.Debug|Any CPU.Build.0 = Debug|Any CPU
		{2C7050A4-B773-450D-8230-EEEDC5E71711}.Release|Any CPU.ActiveCfg = Release|Any CPU
		{2C7050A4-B773-450D-8230-EEEDC5E71711}.Release|Any CPU.Build.0 = Release|Any CPU
		{45F61FE8-F162-494E-AE7A-68EE46A569A2}.Debug|Any CPU.ActiveCfg = Debug|Any CPU
		{45F61FE8-F162-494E-AE7A-68EE46A569A2}.Debug|Any CPU.Build.0 = Debug|Any CPU
		{45F61FE8-F162-494E-AE7A-68EE46A569A2}.Release|Any CPU.ActiveCfg = Release|Any CPU
		{45F61FE8-F162-494E-AE7A-68EE46A569A2}.Release|Any CPU.Build.0 = Release|Any CPU
		{EEAF3352-6E14-4A25-92AE-632EB42379DD}.Debug|Any CPU.ActiveCfg = Debug|Any CPU
		{EEAF3352-6E14-4A25-92AE-632EB42379DD}.Debug|Any CPU.Build.0 = Debug|Any CPU
		{EEAF3352-6E14-4A25-92AE-632EB42379DD}.Release|Any CPU.ActiveCfg = Release|Any CPU
		{EEAF3352-6E14-4A25-92AE-632EB42379DD}.Release|Any CPU.Build.0 = Release|Any CPU
		{198F1C0A-DBE3-4473-BEA5-3C12CF8E5C68}.Debug|Any CPU.ActiveCfg = Debug|Any CPU
		{198F1C0A-DBE3-4473-BEA5-3C12CF8E5C68}.Debug|Any CPU.Build.0 = Debug|Any CPU
		{198F1C0A-DBE3-4473-BEA5-3C12CF8E5C68}.Release|Any CPU.ActiveCfg = Release|Any CPU
		{198F1C0A-DBE3-4473-BEA5-3C12CF8E5C68}.Release|Any CPU.Build.0 = Release|Any CPU
		{7515A92B-43C3-419E-809D-E15EB46D6D2C}.Debug|Any CPU.ActiveCfg = Debug|Any CPU
		{7515A92B-43C3-419E-809D-E15EB46D6D2C}.Debug|Any CPU.Build.0 = Debug|Any CPU
		{7515A92B-43C3-419E-809D-E15EB46D6D2C}.Release|Any CPU.ActiveCfg = Release|Any CPU
		{7515A92B-43C3-419E-809D-E15EB46D6D2C}.Release|Any CPU.Build.0 = Release|Any CPU
		{058A2A8A-3A04-4FFE-A609-7040A212015A}.Debug|Any CPU.ActiveCfg = Debug|Any CPU
		{058A2A8A-3A04-4FFE-A609-7040A212015A}.Debug|Any CPU.Build.0 = Debug|Any CPU
		{058A2A8A-3A04-4FFE-A609-7040A212015A}.Release|Any CPU.ActiveCfg = Release|Any CPU
		{058A2A8A-3A04-4FFE-A609-7040A212015A}.Release|Any CPU.Build.0 = Release|Any CPU
		{5ED48CDE-CDBC-4E0E-94E5-0F4062FBD39D}.Debug|Any CPU.ActiveCfg = Debug|Any CPU
		{5ED48CDE-CDBC-4E0E-94E5-0F4062FBD39D}.Debug|Any CPU.Build.0 = Debug|Any CPU
		{5ED48CDE-CDBC-4E0E-94E5-0F4062FBD39D}.Release|Any CPU.ActiveCfg = Release|Any CPU
		{5ED48CDE-CDBC-4E0E-94E5-0F4062FBD39D}.Release|Any CPU.Build.0 = Release|Any CPU
		{7F500345-9B4C-4057-A4A4-84268A5128BC}.Debug|Any CPU.ActiveCfg = Debug|Any CPU
		{7F500345-9B4C-4057-A4A4-84268A5128BC}.Debug|Any CPU.Build.0 = Debug|Any CPU
		{7F500345-9B4C-4057-A4A4-84268A5128BC}.Release|Any CPU.ActiveCfg = Release|Any CPU
		{7F500345-9B4C-4057-A4A4-84268A5128BC}.Release|Any CPU.Build.0 = Release|Any CPU
		{E4AA7C5F-8D4A-4D62-BFBB-E797635B35AC}.Debug|Any CPU.ActiveCfg = Debug|Any CPU
		{E4AA7C5F-8D4A-4D62-BFBB-E797635B35AC}.Debug|Any CPU.Build.0 = Debug|Any CPU
		{E4AA7C5F-8D4A-4D62-BFBB-E797635B35AC}.Release|Any CPU.ActiveCfg = Release|Any CPU
		{E4AA7C5F-8D4A-4D62-BFBB-E797635B35AC}.Release|Any CPU.Build.0 = Release|Any CPU
		{08CF62FD-E953-4122-ACDC-FC410117ADFE}.Debug|Any CPU.ActiveCfg = Debug|Any CPU
		{08CF62FD-E953-4122-ACDC-FC410117ADFE}.Debug|Any CPU.Build.0 = Debug|Any CPU
		{08CF62FD-E953-4122-ACDC-FC410117ADFE}.Release|Any CPU.ActiveCfg = Release|Any CPU
		{08CF62FD-E953-4122-ACDC-FC410117ADFE}.Release|Any CPU.Build.0 = Release|Any CPU
		{B79A6DC0-C387-414C-B29B-BB043827B92F}.Debug|Any CPU.ActiveCfg = Debug|Any CPU
		{B79A6DC0-C387-414C-B29B-BB043827B92F}.Debug|Any CPU.Build.0 = Debug|Any CPU
		{B79A6DC0-C387-414C-B29B-BB043827B92F}.Release|Any CPU.ActiveCfg = Release|Any CPU
		{B79A6DC0-C387-414C-B29B-BB043827B92F}.Release|Any CPU.Build.0 = Release|Any CPU
		{AB4ADF22-2642-4D03-8C19-393752B6BBEF}.Debug|Any CPU.ActiveCfg = Debug|Any CPU
		{AB4ADF22-2642-4D03-8C19-393752B6BBEF}.Debug|Any CPU.Build.0 = Debug|Any CPU
		{AB4ADF22-2642-4D03-8C19-393752B6BBEF}.Release|Any CPU.ActiveCfg = Release|Any CPU
		{AB4ADF22-2642-4D03-8C19-393752B6BBEF}.Release|Any CPU.Build.0 = Release|Any CPU
		{619795D4-10C3-488C-A84F-9E8A8BF113C5}.Debug|Any CPU.ActiveCfg = Debug|Any CPU
		{619795D4-10C3-488C-A84F-9E8A8BF113C5}.Debug|Any CPU.Build.0 = Debug|Any CPU
		{619795D4-10C3-488C-A84F-9E8A8BF113C5}.Release|Any CPU.ActiveCfg = Release|Any CPU
		{619795D4-10C3-488C-A84F-9E8A8BF113C5}.Release|Any CPU.Build.0 = Release|Any CPU
		{9D1F831A-DE23-4B88-A3F7-5FAF820AA1F6}.Debug|Any CPU.ActiveCfg = Debug|Any CPU
		{9D1F831A-DE23-4B88-A3F7-5FAF820AA1F6}.Debug|Any CPU.Build.0 = Debug|Any CPU
		{9D1F831A-DE23-4B88-A3F7-5FAF820AA1F6}.Release|Any CPU.ActiveCfg = Release|Any CPU
		{9D1F831A-DE23-4B88-A3F7-5FAF820AA1F6}.Release|Any CPU.Build.0 = Release|Any CPU
		{C996AE3C-F025-4A62-AB47-777ABFBCFE6A}.Debug|Any CPU.ActiveCfg = Debug|Any CPU
		{C996AE3C-F025-4A62-AB47-777ABFBCFE6A}.Debug|Any CPU.Build.0 = Debug|Any CPU
		{C996AE3C-F025-4A62-AB47-777ABFBCFE6A}.Release|Any CPU.ActiveCfg = Release|Any CPU
		{C996AE3C-F025-4A62-AB47-777ABFBCFE6A}.Release|Any CPU.Build.0 = Release|Any CPU
		{AE36AFC9-5C7F-4D4C-A990-3E48DA29DADF}.Debug|Any CPU.ActiveCfg = Debug|Any CPU
		{AE36AFC9-5C7F-4D4C-A990-3E48DA29DADF}.Debug|Any CPU.Build.0 = Debug|Any CPU
		{AE36AFC9-5C7F-4D4C-A990-3E48DA29DADF}.Release|Any CPU.ActiveCfg = Release|Any CPU
		{AE36AFC9-5C7F-4D4C-A990-3E48DA29DADF}.Release|Any CPU.Build.0 = Release|Any CPU
		{F4AF746A-1733-4AA8-A3E9-02EBE561135E}.Debug|Any CPU.ActiveCfg = Debug|Any CPU
		{F4AF746A-1733-4AA8-A3E9-02EBE561135E}.Debug|Any CPU.Build.0 = Debug|Any CPU
		{F4AF746A-1733-4AA8-A3E9-02EBE561135E}.Release|Any CPU.ActiveCfg = Release|Any CPU
		{F4AF746A-1733-4AA8-A3E9-02EBE561135E}.Release|Any CPU.Build.0 = Release|Any CPU
		{36655B46-9BB9-46DA-AD10-998D55275828}.Debug|Any CPU.ActiveCfg = Debug|Any CPU
		{36655B46-9BB9-46DA-AD10-998D55275828}.Debug|Any CPU.Build.0 = Debug|Any CPU
		{36655B46-9BB9-46DA-AD10-998D55275828}.Release|Any CPU.ActiveCfg = Release|Any CPU
		{36655B46-9BB9-46DA-AD10-998D55275828}.Release|Any CPU.Build.0 = Release|Any CPU
		{49A23787-ACD2-4153-94AB-22F4A84516E9}.Debug|Any CPU.ActiveCfg = Debug|Any CPU
		{49A23787-ACD2-4153-94AB-22F4A84516E9}.Debug|Any CPU.Build.0 = Debug|Any CPU
		{49A23787-ACD2-4153-94AB-22F4A84516E9}.Release|Any CPU.ActiveCfg = Release|Any CPU
		{49A23787-ACD2-4153-94AB-22F4A84516E9}.Release|Any CPU.Build.0 = Release|Any CPU
		{BD073F61-183B-453D-B0C2-DCCCA2BD7DCB}.Debug|Any CPU.ActiveCfg = Debug|Any CPU
		{BD073F61-183B-453D-B0C2-DCCCA2BD7DCB}.Debug|Any CPU.Build.0 = Debug|Any CPU
		{BD073F61-183B-453D-B0C2-DCCCA2BD7DCB}.Release|Any CPU.ActiveCfg = Release|Any CPU
		{BD073F61-183B-453D-B0C2-DCCCA2BD7DCB}.Release|Any CPU.Build.0 = Release|Any CPU
		{FF9CF0B8-8206-44B5-AE38-DE37D92D1EA9}.Debug|Any CPU.ActiveCfg = Debug|Any CPU
		{FF9CF0B8-8206-44B5-AE38-DE37D92D1EA9}.Debug|Any CPU.Build.0 = Debug|Any CPU
		{FF9CF0B8-8206-44B5-AE38-DE37D92D1EA9}.Release|Any CPU.ActiveCfg = Release|Any CPU
		{FF9CF0B8-8206-44B5-AE38-DE37D92D1EA9}.Release|Any CPU.Build.0 = Release|Any CPU
		{31F61D9F-C3F6-469D-B145-6C8DBF567188}.Debug|Any CPU.ActiveCfg = Debug|Any CPU
		{31F61D9F-C3F6-469D-B145-6C8DBF567188}.Debug|Any CPU.Build.0 = Debug|Any CPU
		{31F61D9F-C3F6-469D-B145-6C8DBF567188}.Release|Any CPU.ActiveCfg = Release|Any CPU
		{31F61D9F-C3F6-469D-B145-6C8DBF567188}.Release|Any CPU.Build.0 = Release|Any CPU
		{7120FD2D-5280-4B71-886C-B75F1B4751A8}.Debug|Any CPU.ActiveCfg = Debug|Any CPU
		{7120FD2D-5280-4B71-886C-B75F1B4751A8}.Debug|Any CPU.Build.0 = Debug|Any CPU
		{7120FD2D-5280-4B71-886C-B75F1B4751A8}.Release|Any CPU.ActiveCfg = Release|Any CPU
		{7120FD2D-5280-4B71-886C-B75F1B4751A8}.Release|Any CPU.Build.0 = Release|Any CPU
		{5086E1E7-543B-4CBF-90DF-9D6CE063BD2A}.Debug|Any CPU.ActiveCfg = Debug|Any CPU
		{5086E1E7-543B-4CBF-90DF-9D6CE063BD2A}.Debug|Any CPU.Build.0 = Debug|Any CPU
		{5086E1E7-543B-4CBF-90DF-9D6CE063BD2A}.Release|Any CPU.ActiveCfg = Release|Any CPU
		{5086E1E7-543B-4CBF-90DF-9D6CE063BD2A}.Release|Any CPU.Build.0 = Release|Any CPU
		{1EB09069-4844-4BC6-830E-492C3E3AA19D}.Debug|Any CPU.ActiveCfg = Debug|Any CPU
		{1EB09069-4844-4BC6-830E-492C3E3AA19D}.Debug|Any CPU.Build.0 = Debug|Any CPU
		{1EB09069-4844-4BC6-830E-492C3E3AA19D}.Release|Any CPU.ActiveCfg = Release|Any CPU
		{1EB09069-4844-4BC6-830E-492C3E3AA19D}.Release|Any CPU.Build.0 = Release|Any CPU
		{07BA08CF-B916-4168-B3E6-1062A6687146}.Debug|Any CPU.ActiveCfg = Debug|Any CPU
		{07BA08CF-B916-4168-B3E6-1062A6687146}.Debug|Any CPU.Build.0 = Debug|Any CPU
		{07BA08CF-B916-4168-B3E6-1062A6687146}.Release|Any CPU.ActiveCfg = Release|Any CPU
		{07BA08CF-B916-4168-B3E6-1062A6687146}.Release|Any CPU.Build.0 = Release|Any CPU
		{3E866A1B-30E8-4B1E-95BF-D819CEC19749}.Debug|Any CPU.ActiveCfg = Debug|Any CPU
		{3E866A1B-30E8-4B1E-95BF-D819CEC19749}.Debug|Any CPU.Build.0 = Debug|Any CPU
		{3E866A1B-30E8-4B1E-95BF-D819CEC19749}.Release|Any CPU.ActiveCfg = Release|Any CPU
		{3E866A1B-30E8-4B1E-95BF-D819CEC19749}.Release|Any CPU.Build.0 = Release|Any CPU
		{0DC4AECE-E8C1-49E3-934E-9CEE6BB4F2FD}.Debug|Any CPU.ActiveCfg = Debug|Any CPU
		{0DC4AECE-E8C1-49E3-934E-9CEE6BB4F2FD}.Debug|Any CPU.Build.0 = Debug|Any CPU
		{0DC4AECE-E8C1-49E3-934E-9CEE6BB4F2FD}.Release|Any CPU.ActiveCfg = Release|Any CPU
		{0DC4AECE-E8C1-49E3-934E-9CEE6BB4F2FD}.Release|Any CPU.Build.0 = Release|Any CPU
	EndGlobalSection
	GlobalSection(SolutionProperties) = preSolution
		HideSolutionNode = FALSE
	EndGlobalSection
	GlobalSection(ExtensibilityGlobals) = postSolution
		SolutionGuid = {0EF0125D-C55B-48DD-936E-5AE46E8368F2}
	EndGlobalSection
EndGlobal
